# This file is automatically @generated by Poetry 2.3.4 and should not be changed by hand.

[[package]]
name = "zstd"
version = "1.5.7.3"
description = "ZSTD Bindings for Python"
optional = false
python-versions = "*"
groups = ["main"]
files = [
    {file = "zstd-1.5.7.3-cp27-cp27m-macosx_10_9_x86_64.whl", hash = "sha256:e72b353870286648a63261437b75f297e2967a26f210da4dfa4c08949935de7a"},
    {file = "zstd-1.5.7.3-cp27-cp27m-manylinux1_i686.whl", hash = "sha256:26aff5f24caeffde35f1b757499e935bc60a8e0d9e1ea8bde05dcf7d53df9325"},
    {file = "zstd-1.5.7.3-cp27-cp27m-manylinux1_x86_64.whl", hash = "sha256:586a820fbd06e3d9a9d9def572e779254bf8dee7406b8c6dc44eff6807d60c6d"},
    {file = "zstd-1.5.7.3-cp27-cp27mu-manylinux1_i686.whl", hash = "sha256:35a147b10fd16ebb3a2595e361780388feb8f336d70772a05dfb7a8348a47bfd"},
    {file = "zstd-1.5.7.3-cp27-cp27mu-manylinux1_x86_64.whl", hash = "sha256:c2a80c51e2175ffcd6f08b2a4c9fbc121aad69fbbcebb3364e783a96d0488fda"},
    {file = "zstd-1.5.7.3-cp27-cp27mu-manylinux_2_4_i686.whl", hash = "sha256:5f20f74a782f3296d1585d9bbc49d422e339b154c66398c74537e433446c51ba"},
    {file = "zstd-1.5.7.3-cp27-cp27mu-manylinux_2_4_x86_64.whl", hash = "sha256:2550c2e6bfbff0904f28821005f176bfdaec1872d60053665a284fb0254a10e7"},
    {file = "zstd-1.5.7.3-cp310-cp310-macosx_10_9_x86_64.whl", hash = "sha256:76f3535616887a1a38e8c6d0de693a23c5bb1f190651eb20d96bfc8e4ab706a0"},
    {file = "zstd-1.5.7.3-cp310-cp310-macosx_11_0_arm64.whl", hash = "sha256:67507937e8e4c2a8dfed8e7fa77f4043ec9e6e831a5faebf0f99138b1a25ccbd"},
    {file = "zstd-1.5.7.3-cp310-cp310-manylinux_2_17_aarch64.manylinux2014_aarch64.manylinux_2_24_aarch64.whl", hash = "sha256:bd0a2309c524608ce7b940abcc9f8eb5447c6ea2c834a630e0081211ab9d40ec"},
    {file = "zstd-1.5.7.3-cp310-cp310-manylinux_2_17_x86_64.manylinux2014_x86_64.manylinux_2_24_x86_64.whl", hash = "sha256:2b497306580d544406b5414c8485c4037a9283ad2ca6ae4ccdf3732c9563141d"},
    {file = "zstd-1.5.7.3-cp310-cp310-manylinux_2_4_i686.whl", hash = "sha256:e9939a98ea946d1f9e8f9fecc940ae939b8e9e5ef9d71b104f7843567d764f30"},
    {file = "zstd-1.5.7.3-cp310-cp310-manylinux_2_4_x86_64.whl", hash = "sha256:d32c0fe8f6b805b7cbeaade462b094a843e84d893d8c6f66ab705e8777cc1850"},
    {file = "zstd-1.5.7.3-cp310-cp310-manylinux_2_5_i686.manylinux1_i686.manylinux_2_24_i686.whl", hash = "sha256:8aa33b1ef24602b2ef1e8aa67ea3c8f821854a4dbf70c3c8c46b96b54b6ceb5d"},
    {file = "zstd-1.5.7.3-cp310-cp310-musllinux_1_2_aarch64.whl", hash = "sha256:1bd69fa9c4c97fd04206c919dedbf9f75f544ebb77880db51a13c1e3802cd655"},
    {file = "zstd-1.5.7.3-cp310-cp310-musllinux_1_2_i686.whl", hash = "sha256:aee96742a64ede2e35dc0316ef0cd1e50089e889ce77e82ca8edf40174a1439c"},
    {file = "zstd-1.5.7.3-cp310-cp310-musllinux_1_2_x86_64.whl", hash = "sha256:5ac207573d2815a51f4f4fd4e255408396491729a01f690b9f5fb672d39e5610"},
    {file = "zstd-1.5.7.3-cp310-cp310-win32.whl", hash = "sha256:04e62e4f9eba79699d072d3c96731ed4aff99f1d334eb967489b091186a6078f"},
    {file = "zstd-1.5.7.3-cp310-cp310-win_amd64.whl", hash = "sha256:0794b23b9950af240888087d2bd5943aa4be67273ba32cdafabdc5704778b90e"},
    {file = "zstd-1.5.7.3-cp310-cp310-win_arm64.whl", hash = "sha256:7827fd4901f3e71a7a755d26719549658f08e04fdf0870a952ed08e71b484435"},
    {file = "zstd-1.5.7.3-cp311-cp311-macosx_10_9_x86_64.whl", hash = "sha256:1a3c1781a24e2ced2c0ddee11d45b1f04018b03615eeb622a62eca4d56d3358a"},
    {file = "zstd-1.5.7.3-cp311-cp311-macosx_11_0_arm64.whl", hash = "sha256:a6c7c81056362b60a04baa34632e713d596662a860ec34efd8e9b109c10e6ec7"},
    {file = "zstd-1.5.7.3-cp311-cp311-manylinux_2_14_x86_64.whl", hash = "sha256:e564f34a55effc7d654eb293468edc80b64d476b0f899f82760ecd8323223ff5"},
    {file = "zstd-1.5.7.3-cp311-cp311-manylinux_2_17_aarch64.manylinux2014_aarch64.manylinux_2_24_aarch64.whl", hash = "sha256:fbc49a57188184931d5e3c9f1133cad7eea5a370a9e9418fb8122d58c14340a5"},
    {file = "zstd-1.5.7.3-cp311-cp311-manylinux_2_17_x86_64.manylinux2014_x86_64.manylinux_2_24_x86_64.whl", hash = "sha256:d121d3e63722819e1fe5effbcd9628d8a7cfea0cddabcc5bb37ea861a6a83424"},
    {file = "zstd-1.5.7.3-cp311-cp311-manylinux_2_4_i686.whl", hash = "sha256:621f2e7ca8e9eb52a83eb9c91ec3cd283d87591bf75cc658de486b65f44742c7"},
    {file = "zstd-1.5.7.3-cp311-cp311-manylinux_2_5_i686.manylinux1_i686.manylinux_2_24_i686.whl", hash = "sha256:c1950fcae690ba32d0f31702b335c548fb42547821565925e48576afdad774a5"},
    {file = "zstd-1.5.7.3-cp311-cp311-musllinux_1_2_aarch64.whl", hash = "sha256:bac4f0d03da69115878bedbfa03c4a3f64364e8396b432028c4ce0f05141a0fb"},
    {file = "zstd-1.5.7.3-cp311-cp311-musllinux_1_2_i686.whl", hash = "sha256:da0ab134b7fd28023dedf013751ca850de300a090eb11f689d2a1c178c87d9dc"},
    {file = "zstd-1.5.7.3-cp311-cp311-musllinux_1_2_x86_64.whl", hash = "sha256:b9923175842ee8f7602ec9cc578f5fc396896f0e8460d3ac9a5adc3cea77244e"},
    {file = "zstd-1.5.7.3-cp311-cp311-win32.whl", hash = "sha256:0612b604948d7b58aecc6788c7ceb53c5f21d94a155bb6ea9bd0f54ffa43725d"},
    {file = "zstd-1.5.7.3-cp311-cp311-win_amd64.whl", hash = "sha256:5b7f8c81b2bd3b62c0345242247d484cafa4b518d59d18619813d9225af5c5c3"},
    {file = "zstd-1.5.7.3-cp311-cp311-win_arm64.whl", hash = "sha256:ea112e3acd9e1765adca35df7b54ac75b36194290f64ea03a3a59664209c8527"},
    {file = "zstd-1.5.7.3-cp312-cp312-macosx_10_13_x86_64.whl", hash = "sha256:01a39efb0eeab7cc45cb308618233b624b0840d5e16dcf85456b6cca0592f203"},
    {file = "zstd-1.5.7.3-cp312-cp312-macosx_11_0_arm64.whl", hash = "sha256:7a8e8838cf35fa3987bfe1958584cc22e1797efce8e155a63544b4144fc671f8"},
    {file = "zstd-1.5.7.3-cp312-cp312-manylinux_2_14_i686.whl", hash = "sha256:f3920ac1d1cc7e9f252f3e29f217fe3cd36f2191bb3dbcae826c29e189b7ad54"},
    {file = "zstd-1.5.7.3-cp312-cp312-manylinux_2_14_x86_64.whl", hash = "sha256:143f9062953fb5590cbd47c1040d357336742c79696bf90b6d5b835279a68304"},
    {file = "zstd-1.5.7.3-cp312-cp312-manylinux_2_17_aarch64.manylinux2014_aarch64.manylinux_2_28_aarch64.whl", hash = "sha256:36d1fd8647e47e1f21b345e192f1a279e925678c23dad8236b547d04456cd699"},
    {file = "zstd-1.5.7.3-cp312-cp312-manylinux_2_17_x86_64.manylinux2014_x86_64.manylinux_2_28_x86_64.whl", hash = "sha256:f1538db419afa62773cf534fc7f3009ff59ecf55ecee4e889587ac2ef0010ed8"},
    {file = "zstd-1.5.7.3-cp312-cp312-musllinux_1_2_aarch64.whl", hash = "sha256:c5efd16adb092e2a547a7d51cfdaf6fd5680528227684c5bafc7669ab4a55f41"},
    {file = "zstd-1.5.7.3-cp312-cp312-musllinux_1_2_x86_64.whl", hash = "sha256:39b3438e64637d80a5b1860526903b92020acb9bae9ceb5adffd9838c1441328"},
    {file = "zstd-1.5.7.3-cp312-cp312-win32.whl", hash = "sha256:cbf48c53461e224ffc2490cfe5120a1ff40d14c84d2b512c6d6d99fc91685cf3"},
    {file = "zstd-1.5.7.3-cp312-cp312-win_amd64.whl", hash = "sha256:943a189910f2fea997462e3e4d7fbf727a06d231ef801ebee557b1c87568981c"},
    {file = "zstd-1.5.7.3-cp312-cp312-win_arm64.whl", hash = "sha256:85c4d508f8109afa7c51c4960626c3325af2cf1e442c6c36ebfea15d04757e3f"},
    {file = "zstd-1.5.7.3-cp313-cp313-macosx_10_13_x86_64.whl", hash = "sha256:b2455e56f1d265dacbd450510b8c2f632a5d8d92c23282e7723fb04af37001a2"},
    {file = "zstd-1.5.7.3-cp313-cp313-macosx_11_0_arm64.whl", hash = "sha256:3486dc4f1b4e52bb059f8eec1f31daa3e540062c0f522f221782cf132a8bc9a8"},
    {file = "zstd-1.5.7.3-cp313-cp313-manylinux_2_14_i686.whl", hash = "sha256:1cb47bf10ffcb6a782edacfe758da2c94879f7e89c6628feb3f1254daf8cc596"},
    {file = "zstd-1.5.7.3-cp313-cp313-manylinux_2_14_x86_64.whl", hash = "sha256:07b1378d1230ddeea8773f99d7518a3060e6468c76edd502057cb795fe278d7e"},
    {file = "zstd-1.5.7.3-cp313-cp313-manylinux_2_17_aarch64.manylinux2014_aarch64.manylinux_2_28_aarch64.whl", hash = "sha256:1ee34317f013e3405108f5baea53502159809cfc4510598d614257525500c70d"},
    {file = "zstd-1.5.7.3-cp313-cp313-manylinux_2_17_x86_64.manylinux2014_x86_64.manylinux_2_28_x86_64.whl", hash = "sha256:c19127ca2c79855376a34a2d7a6969408094b25c1f44485b0373eba4be851b98"},
    {file = "zstd-1.5.7.3-cp313-cp313-musllinux_1_2_aarch64.whl", hash = "sha256:2e79cae70dd08cb247391312463085c624c0302e8c860d13f87f4c76502d8202"},
    {file = "zstd-1.5.7.3-cp313-cp313-musllinux_1_2_x86_64.whl", hash = "sha256:0e83e91e5daf89037c737f5529da0f80da80a78a6ad0b1d70a09860eb267dea4"},
    {file = "zstd-1.5.7.3-cp313-cp313-win32.whl", hash = "sha256:2283f3bb910c028e1b9fe76b834016012ab021025a0ea197e27a1333f85e3031"},
    {file = "zstd-1.5.7.3-cp313-cp313-win_amd64.whl", hash = "sha256:3ad5fe4c36bab5dfa5a4b8d050bd07c50c1e69f94d381bc65337ab14cd69e5b1"},
    {file = "zstd-1.5.7.3-cp313-cp313-win_arm64.whl", hash = "sha256:7e878172b0eb69ac2edc6576eb862e00747c7c25e638fb354630a1ea7cfddf49"},
    {file = "zstd-1.5.7.3-cp313-cp313t-manylinux_2_14_x86_64.whl", hash = "sha256:7e0a7e94d5b63b4cacf2396079ca9584d11f49f87cb4e5aa21f126a8f6b83446"},
    {file = "zstd-1.5.7.3-cp314-cp314-macosx_10_15_x86_64.whl", hash = "sha256:5412c86c34cbaf6906433ef3f2c96c407f208782f06cd3e5f01f066788adb3b8"},
    {file = "zstd-1.5.7.3-cp314-cp314-macosx_11_0_arm64.whl", hash = "sha256:f94246befb1e473211a298c96e5768f3c63eaad814ac14d160d79ae9858e1d03"},
    {file = "zstd-1.5.7.3-cp314-cp314-manylinux2014_aarch64.manylinux_2_17_aarch64.manylinux_2_28_aarch64.whl", hash = "sha256:31050e17a1a546fb82c90eee8ee3c30d22b9d0594b5937e69d38b7a5084af2a2"},
    {file = "zstd-1.5.7.3-cp314-cp314-manylinux2014_x86_64.manylinux_2_17_x86_64.manylinux_2_28_x86_64.whl", hash = "sha256:8ba8ec5dfd48c86d19f880713246f85d09ee06e8cd17141956258650878000d6"},
    {file = "zstd-1.5.7.3-cp314-cp314-manylinux_2_14_i686.whl", hash = "sha256:3005540ba406157f3e205c998709ab5f8e68b390c658c7c238eb8986092089d5"},
    {file = "zstd-1.5.7.3-cp314-cp314-manylinux_2_14_x86_64.whl", hash = "sha256:3934b54a3b7df039fcd4cf7b0f0a38c86ce44d26321255ffc3fac73d6cdcc59d"},
    {file = "zstd-1.5.7.3-cp314-cp314-musllinux_1_2_aarch64.whl", hash = "sha256:e9230cd3e9153e2bed16f332558f8f3f7d869f4d15e8fa3f9c360bfa163a8b4a"},
    {file = "zstd-1.5.7.3-cp314-cp314-musllinux_1_2_x86_64.whl", hash = "sha256:5bffba70af539f14f9df5367b1add9119f14d5e35b658aef7b765417ea461e0e"},
    {file = "zstd-1.5.7.3-cp314-cp314-win32.whl", hash = "sha256:a006e70c88ab67bb56989e11d820adc7601a6a7ad5558b3c6c690b19a1dadc5b"},
    {file = "zstd-1.5.7.3-cp314-cp314-win_amd64.whl", hash = "sha256:cb4957c330c7b94b0546c7b9529723b49e865608683b9503a251fe793da9d4db"},
    {file = "zstd-1.5.7.3-cp314-cp314-win_arm64.whl", hash = "sha256:a785426081ab7cafe4522876ac771d701766deea9a6d8352e87744da00e6637f"},
    {file = "zstd-1.5.7.3-cp314-cp314t-manylinux_2_14_i686.whl", hash = "sha256:b52ef154793be0399befd742328ec6f5dff95154248d6d18dd65851cf22a1a5f"},
    {file = "zstd-1.5.7.3-cp314-cp314t-manylinux_2_14_x86_64.whl", hash = "sha256:8024a8ba9156b1b2e64e69d147df5ddedeaed107f9da02a3428fd7baf3e5b920"},
    {file = "zstd-1.5.7.3-cp315-cp315-manylinux_2_14_i686.whl", hash = "sha256:31ac7fbacca4759aad4b6abc13bbc05e68788e9e85a968255f7624b3b8db31df"},
    {file = "zstd-1.5.7.3-cp315-cp315-manylinux_2_14_x86_64.whl", hash = "sha256:d03b2927c5843ded4d1319836a33a9c21675d2f86f916a2f234a060d4c67d87c"},
    {file = "zstd-1.5.7.3-cp315-cp315t-manylinux_2_14_i686.whl", hash = "sha256:5dfbf2564eb574fc1f45613ecf28036a82533c3dd70e7bb1c9854168c638da7a"},
    {file = "zstd-1.5.7.3-cp315-cp315t-manylinux_2_14_x86_64.whl", hash = "sha256:7f2f5776b902f41daf7b63e75a9384b0d7c855f824f14dabefc67814b8fa5611"},
    {file = "zstd-1.5.7.3-cp34-cp34m-manylinux_2_4_i686.whl", hash = "sha256:ffbeabcabcb644d29289277f9023aa51c04de71935695f5388da9c8428c81e0f"},
    {file = "zstd-1.5.7.3-cp34-cp34m-manylinux_2_4_x86_64.whl", hash = "sha256:0b891ca9ad84562941367ab7be817b8748df75eb6b7ced23d5b082b4602c1c6e"},
    {file = "zstd-1.5.7.3-cp35-cp35m-manylinux1_i686.whl", hash = "sha256:925f83e2e749cd7109985bc96835cd2fd814435d74f0d9a1d7c8506166e97592"},
    {file = "zstd-1.5.7.3-cp35-cp35m-manylinux1_x86_64.whl", hash = "sha256:57d2ff6b96886aaec2aa4721f7c8e890a8b43b5c4ae4f3737a0733b55cd82daa"},
    {file = "zstd-1.5.7.3-cp35-cp35m-manylinux2014_aarch64.whl", hash = "sha256:8cd516ba02e0f9e6df1b4a6dc0cd5e66ac6eeb55b15833a70d529aa32eddaa91"},
    {file = "zstd-1.5.7.3-cp35-cp35m-manylinux_2_14_x86_64.whl", hash = "sha256:9f6ea980866f43ff7ef5e41eac54b94f9159b9807f32f691b02ca381b50b76af"},
    {file = "zstd-1.5.7.3-cp35-cp35m-manylinux_2_4_i686.whl", hash = "sha256:3e650ed68b655d55556099aa62f168a352396139a879a94312322a1d02502491"},
    {file = "zstd-1.5.7.3-cp35-cp35m-win32.whl", hash = "sha256:da88b288a2844f04713df89a514dd9dc0e925ee63e119c845aef14ccbcc9183e"},
    {file = "zstd-1.5.7.3-cp35-cp35m-win_amd64.whl", hash = "sha256:96c949e8508f2d4dced3444a3bfb99d51653ac6f28ef0aa1561f5758adc8afed"},
    {file = "zstd-1.5.7.3-cp36-cp36m-macosx_10_9_x86_64.whl", hash = "sha256:7509b11b5f8313e87cce16269e222f89e7e49b51f1e6a3e7454b7c7b599d3211"},
    {file = "zstd-1.5.7.3-cp36-cp36m-manylinux1_i686.whl", hash = "sha256:fb8aafd47ba73ff50a7994668dbec5c97f26ddcd28c03242d8f8b4138d8c723c"},
    {file = "zstd-1.5.7.3-cp36-cp36m-manylinux1_x86_64.whl", hash = "sha256:586efc62d7e93d52d0b3951ef48a4b5181866152061bda1bef49f7ea85ec0d7f"},
    {file = "zstd-1.5.7.3-cp36-cp36m-manylinux2014_aarch64.whl", hash = "sha256:5030d51631a09a0d7b3e47f928b6234bd78ce8b897a255fc1146e8cf772a8f4d"},
    {file = "zstd-1.5.7.3-cp36-cp36m-manylinux_2_14_x86_64.whl", hash = "sha256:a8d1ee9faa89b21ff03ae3fe8d969e850c60b8c3f8a1389fa585c10eddaa2bb4"},
    {file = "zstd-1.5.7.3-cp36-cp36m-manylinux_2_4_i686.whl", hash = "sha256:4504ba7a9ddd1919e919f81d3ec541313e6826f1f3cad8e3a7ebe29a3ae5cda6"},
    {file = "zstd-1.5.7.3-cp37-cp37m-macosx_10_9_x86_64.whl", hash = "sha256:aca7d1fef13f412168ac524307586f0d57f96a89bd7e0620b2f60df3b0066c8d"},
    {file = "zstd-1.5.7.3-cp37-cp37m-manylinux_2_17_aarch64.manylinux2014_aarch64.manylinux_2_24_aarch64.whl", hash = "sha256:12d2925424d02add2f835c7549106151ece9eae262e96aee34af5d84178ba824"},
    {file = "zstd-1.5.7.3-cp37-cp37m-manylinux_2_17_x86_64.manylinux2014_x86_64.manylinux_2_24_x86_64.whl", hash = "sha256:30512cce4108b26ede395ac521c0997c340bd19f177a1c0260bbffcb64861d30"},
    {file = "zstd-1.5.7.3-cp37-cp37m-manylinux_2_4_i686.whl", hash = "sha256:2e6caf5f3084e6473a6dfd15285c47122ba92f4fb97ecfca855adf415603532a"},
    {file = "zstd-1.5.7.3-cp37-cp37m-manylinux_2_4_x86_64.whl", hash = "sha256:927c95b991e81f39b02e42c9b391f2b3569e6dbe29d7fc2dce6ca778475c0934"},
    {file = "zstd-1.5.7.3-cp37-cp37m-manylinux_2_5_i686.manylinux1_i686.manylinux_2_24_i686.whl", hash = "sha256:2174fd7f588b2eb95a402c3d40f4676370eb50292362a0995295084b8f5d521e"},
    {file = "zstd-1.5.7.3-cp37-cp37m-musllinux_1_2_aarch64.whl", hash = "sha256:3b05817bfdfc395999b6b3c9ea4f7c05e91bceafc3fc819906d5f0445afa4335"},
    {file = "zstd-1.5.7.3-cp37-cp37m-musllinux_1_2_i686.whl", hash = "sha256:c67f0fcf4348343d25ecd35a44d33b6d31814e9ab3ee8676039de809579905a4"},
    {file = "zstd-1.5.7.3-cp37-cp37m-musllinux_1_2_x86_64.whl", hash = "sha256:40195c0056841aad6553172963adecf31b6ae1fdb9778d657ce9a2493d1791ee"},
    {file = "zstd-1.5.7.3-cp37-cp37m-win32.whl", hash = "sha256:b6ac3ae562758184fc1570399ea9d269163b488dbb0c4a44701e89f61ca6d1d6"},
    {file = "zstd-1.5.7.3-cp37-cp37m-win_amd64.whl", hash = "sha256:e9f059d9c9f6f13ae78bfa9778755462b3ea53e4a5185941169422dd97c9fd22"},
    {file = "zstd-1.5.7.3-cp38-cp38-macosx_10_9_x86_64.whl", hash = "sha256:99e92b97c97d83e403615c12b644e8616fc7e8a8b4fa0c0558bcb9980baf5c92"},
    {file = "zstd-1.5.7.3-cp38-cp38-macosx_11_0_arm64.whl", hash = "sha256:a6b4ff0d5704994eb0d7ba2ea0b25acd749bb78a1c325289a8cba7651f0cbbff"},
    {file = "zstd-1.5.7.3-cp38-cp38-manylinux_2_17_aarch64.manylinux2014_aarch64.manylinux_2_24_aarch64.whl", hash = "sha256:edf4b595ab29a980f6f60fa71c64ab029d9ced97fb9c7c9ae555fe1159d8379d"},
    {file = "zstd-1.5.7.3-cp38-cp38-manylinux_2_17_x86_64.manylinux2014_x86_64.manylinux_2_24_x86_64.whl", hash = "sha256:3cd48ec1dce8a8a06a3978225b20f28b7764e4191c436277e0abc60539e040da"},
    {file = "zstd-1.5.7.3-cp38-cp38-manylinux_2_4_i686.whl", hash = "sha256:1380ecc510a3885fad326863a7f42b3391560b471aeea60b04f9c1ece439b198"},
    {file = "zstd-1.5.7.3-cp38-cp38-manylinux_2_4_x86_64.whl", hash = "sha256:5fdff5190698e6d48a3facb58085a6c33b62be610f40e80299d975dbc75b32c8"},
    {file = "zstd-1.5.7.3-cp38-cp38-manylinux_2_5_i686.manylinux1_i686.manylinux_2_24_i686.whl", hash = "sha256:595d6495e96744fa5c9b78f38e8379f9eebfb97ae4f7ecc2639af4fd51459e07"},
    {file = "zstd-1.5.7.3-cp38-cp38-musllinux_1_2_aarch64.whl", hash = "sha256:9bc3d6b7f2dec391b7539a0f43deb07bca1d68867082a07a286c2237f16390fd"},
    {file = "zstd-1.5.7.3-cp38-cp38-musllinux_1_2_i686.whl", hash = "sha256:b8e62d533281946100c023a1168bd8935db6452bdd0f0b776afe8e80255e74c3"},
    {file = "zstd-1.5.7.3-cp38-cp38-musllinux_1_2_x86_64.whl", hash = "sha256:3a5dcc7ddcd56f131bee612b5feadd9b65e3996c0f4c6a485e2b2f20e7a324de"},
    {file = "zstd-1.5.7.3-cp39-cp39-macosx_10_9_x86_64.whl", hash = "sha256:dbb497482dd63abe72a209345dbafa52817bd484c1d08139da080c14b1dadc7b"},
    {file = "zstd-1.5.7.3-cp39-cp39-macosx_11_0_arm64.whl", hash = "sha256:a599489d4e7e794981536521ee5dcfa61b0a641996409669b9aba5400b5cff83"},
    {file = "zstd-1.5.7.3-cp39-cp39-manylinux_2_17_aarch64.manylinux2014_aarch64.manylinux_2_24_aarch64.whl", hash = "sha256:4a7ec28ca27fc347d7325eeb06d66cd2649846d5bfe77b18beed38d1870dd876"},
    {file = "zstd-1.5.7.3-cp39-cp39-manylinux_2_17_x86_64.manylinux2014_x86_64.manylinux_2_24_x86_64.whl", hash = "sha256:703481b41e5b3d33cd4e6a0b7116e8bc33a712aba1526d5fcad3e4303dd70fa1"},
    {file = "zstd-1.5.7.3-cp39-cp39-manylinux_2_4_i686.whl", hash = "sha256:61b0707c090d59ba879eac4b475562c5b9c1b375d0419d78fb398f156037f7df"},
    {file = "zstd-1.5.7.3-cp39-cp39-manylinux_2_4_x86_64.whl", hash = "sha256:7090ac97b14dea2969ba1ed427b38efe137efcdf556dc8740d3e035b04cbc8b4"},
    {file = "zstd-1.5.7.3-cp39-cp39-manylinux_2_5_i686.manylinux1_i686.manylinux_2_24_i686.whl", hash = "sha256:5204bf9f3f2936ee3a28bfe43a57b78f88439c1777197295a0661d6de38caa80"},
    {file = "zstd-1.5.7.3-cp39-cp39-musllinux_1_2_aarch64.whl", hash = "sha256:431d4fecf764c305f29c1b9117d0d2ec5eb5523fc81516f1ee82509cb3b8e088"},
    {file = "zstd-1.5.7.3-cp39-cp39-musllinux_1_2_i686.whl", hash = "sha256:c2f213a32ab5e90bf165717f05fc1e3c214eeca7b6a33311e2397d89879c2f87"},
    {file = "zstd-1.5.7.3-cp39-cp39-musllinux_1_2_x86_64.whl", hash = "sha256:3f87d617dac84b571bb74dc9d6905c66906dca982143adbe8e497ba2ce888cca"},
    {file = "zstd-1.5.7.3-cp39-cp39-win32.whl", hash = "sha256:9511957b5b8b5c0d4e737dff3a330a445a44005e09278bb8c799a76eb7f99d90"},
    {file = "zstd-1.5.7.3-cp39-cp39-win_amd64.whl", hash = "sha256:9389848cc8297199b0fe2cd2985e5944f611ed518aa508136065ea0159051904"},
    {file = "zstd-1.5.7.3-cp39-cp39-win_arm64.whl", hash = "sha256:0cdf00f53cd38ce1f9edc79f68727150b9e65f4b33a3e8b59d94d0886cf43dbf"},
    {file = "zstd-1.5.7.3-pp27-pypy_73-manylinux1_x86_64.whl", hash = "sha256:c5ac39836233356d32d0fe3d2f9525373c47c19f75fde68c16cf2293b7648b86"},
    {file = "zstd-1.5.7.3-pp27-pypy_73-manylinux2010_x86_64.whl", hash = "sha256:62fe5b560f389fdb40384a1711b7737bd9e27861f248cb89f19fed90a4cf0830"},
    {file = "zstd-1.5.7.3-pp27-pypy_73-manylinux_2_14_x86_64.whl", hash = "sha256:55fb8ac423800811f8b0c896b9617ecc91a1d4da15f66fb42ba162bfa5aa5a2d"},
    {file = "zstd-1.5.7.3-pp310-pypy310_pp73-macosx_10_15_x86_64.whl", hash = "sha256:2b9ec4d5ba8c170d3fdf21ae5da3c15eaea2beef9c419a5f3274a6f9e03c412a"},
    {file = "zstd-1.5.7.3-pp310-pypy310_pp73-macosx_11_0_arm64.whl", hash = "sha256:a7ab69fc4d90eeb64b98a567751f8e48373f4bcf301597fca344b8e8342e1d5e"},
    {file = "zstd-1.5.7.3-pp310-pypy310_pp73-manylinux1_i686.manylinux_2_28_i686.manylinux_2_5_i686.whl", hash = "sha256:da70f0918bf739bc75d7770410c9b94ea0dcb6f02d7ef70598b464bd5fcb193a"},
    {file = "zstd-1.5.7.3-pp310-pypy310_pp73-manylinux2014_aarch64.manylinux_2_17_aarch64.manylinux_2_28_aarch64.whl", hash = "sha256:3dd5c069d0409284f1963b0b6b119f21b1da9e22a503e88933eb0696249d87d3"},
    {file = "zstd-1.5.7.3-pp310-pypy310_pp73-manylinux2014_x86_64.manylinux_2_17_x86_64.manylinux_2_28_x86_64.whl", hash = "sha256:46ca4a075f36f118e2ce07ba07d9ece7aeda193cea6f50b82aaee635df7b5fc2"},
    {file = "zstd-1.5.7.3-pp310-pypy310_pp73-manylinux_2_14_x86_64.whl", hash = "sha256:4a521cb7615fc61bfe9514bea182e224894b5987fc7843b6d6da20a61206ef24"},
    {file = "zstd-1.5.7.3-pp310-pypy310_pp73-win_amd64.whl", hash = "sha256:71ea22c953a164f34eb4b8c2c3b97eaa22da6a75296ea80b3ba4473187f15046"},
    {file = "zstd-1.5.7.3-pp311-pypy311_pp73-macosx_10_15_x86_64.whl", hash = "sha256:76c49ea969bc08389ea59155cea7c5dea224522ffc62f443f3c0a915f5fd184d"},
    {file = "zstd-1.5.7.3-pp311-pypy311_pp73-macosx_11_0_arm64.whl", hash = "sha256:6b1a638ff3dfce8f4cb1203c662fb5606dd99b4a62c5ddc4c406d2d1326bcfdd"},
    {file = "zstd-1.5.7.3-pp311-pypy311_pp73-manylinux1_i686.manylinux_2_28_i686.manylinux_2_5_i686.whl", hash = "sha256:5e96a5cb100a0edc162935227f2d9784b1031ce4a8a83e96e66eae2673c10143"},
    {file = "zstd-1.5.7.3-pp311-pypy311_pp73-manylinux2014_aarch64.manylinux_2_17_aarch64.manylinux_2_28_aarch64.whl", hash = "sha256:1bda0bbf3a9553720cd33f1f85940a259656c7ffba4be717ff82b7f062052188"},
    {file = "zstd-1.5.7.3-pp311-pypy311_pp73-manylinux2014_x86_64.manylinux_2_17_x86_64.manylinux_2_28_x86_64.whl", hash = "sha256:ac36e4022422f6e49b3f07bdbb8a964fd348223d3dc9c82ad5398a4f0432a719"},
    {file = "zstd-1.5.7.3-pp311-pypy311_pp73-manylinux_2_14_x86_64.whl", hash = "sha256:fa4d760a220541b18ce732a3a2cf7547ea05afc76d05b3b39edebfeb721f6079"},
    {file = "zstd-1.5.7.3-pp311-pypy311_pp73-win_amd64.whl", hash = "sha256:a69e60146bf8aaa6a0e6c9a94a7c5f3133d68091e2e5c5a3c5ababf71fd5ec7a"},
    {file = "zstd-1.5.7.3-pp36-pypy36_pp73-manylinux1_x86_64.whl", hash = "sha256:781ec2644a3ce84c1cc19b0e057e1e8ea45260a8871eb6524614be75c9b432b9"},
    {file = "zstd-1.5.7.3-pp36-pypy36_pp73-manylinux2010_x86_64.whl", hash = "sha256:ab74f37f2832d4a7c89d877ed9a70b1ef988fc2353678a122427039eb1dc6e36"},
    {file = "zstd-1.5.7.3-pp36-pypy36_pp73-manylinux_2_14_x86_64.whl", hash = "sha256:521a3072fedcce025515d99242e346318d1815789033b7c0108796e151c42deb"},
    {file = "zstd-1.5.7.3-pp36-pypy36_pp73-win32.whl", hash = "sha256:94d404fd56765ff2952053cb2f6f980b88e3384a71af147c3ede9f6c6bea32d6"},
    {file = "zstd-1.5.7.3-pp37-pypy37_pp73-macosx_10_9_x86_64.whl", hash = "sha256:33f7e24d626938234c3c33df1988b79846628cf08dfab216bb19f85e7fcad65b"},
    {file = "zstd-1.5.7.3-pp37-pypy37_pp73-manylinux_2_14_x86_64.whl", hash = "sha256:c0c84fd4a87f28b8bed01cbaf128d33dfa209f03df2890dbc8c01e17a109c2d4"},
    {file = "zstd-1.5.7.3-pp37-pypy37_pp73-manylinux_2_17_aarch64.manylinux2014_aarch64.manylinux_2_24_aarch64.whl", hash = "sha256:0e334e45becf5a4844c8d64593eb358585e1553a7355f2172c865efc639ac051"},
    {file = "zstd-1.5.7.3-pp37-pypy37_pp73-manylinux_2_17_x86_64.manylinux2014_x86_64.manylinux_2_24_x86_64.whl", hash = "sha256:15523e289509d7792418edb8c255cc1dacc65cda000428424c988208a682b8be"},
    {file = "zstd-1.5.7.3-pp37-pypy37_pp73-manylinux_2_5_i686.manylinux1_i686.manylinux_2_24_i686.whl", hash = "sha256:2924befc3cb1a2310e1c03bd93469a2de8f0703e8805fe1f40367fbc2cece472"},
    {file = "zstd-1.5.7.3-pp37-pypy37_pp73-win_amd64.whl", hash = "sha256:173680156dbe959c80d72a1f15ef2034fd414b9d1ee507df152e416bc37665ef"},
    {file = "zstd-1.5.7.3-pp38-pypy38_pp73-macosx_10_9_x86_64.whl", hash = "sha256:31d66b73a9861ee61bc6486fb9d1d33eabc86e506e49a210f30a91a241b8e643"},
    {file = "zstd-1.5.7.3-pp38-pypy38_pp73-macosx_11_0_arm64.whl", hash = "sha256:a820a67491c1cf7a66698478a28b7d2517b0ae2e2775d834ca4f2624ba859e72"},
    {file = "zstd-1.5.7.3-pp38-pypy38_pp73-manylinux_2_14_x86_64.whl", hash = "sha256:c385f92c37f4275d477388e46af8941580d7eeaad4c524c8f9aa50d016acbc7e"},
    {file = "zstd-1.5.7.3-pp38-pypy38_pp73-manylinux_2_17_aarch64.manylinux2014_aarch64.manylinux_2_24_aarch64.whl", hash = "sha256:cecce78a3d639a3c439b1e355791e0f1ddbe8ed63d94f34c7973e92d384e6fc0"},
    {file = "zstd-1.5.7.3-pp38-pypy38_pp73-manylinux_2_17_x86_64.manylinux2014_x86_64.manylinux_2_24_x86_64.whl", hash = "sha256:e769fc830f5e2079612a27d6540e4147cd8dc8beacfaf73a48152f30a191e979"},
    {file = "zstd-1.5.7.3-pp38-pypy38_pp73-manylinux_2_5_i686.manylinux1_i686.manylinux_2_24_i686.whl", hash = "sha256:37a6750c25b561b05110313fdde4acd51246075a317e1c7a2491c96d2d863282"},
    {file = "zstd-1.5.7.3-pp38-pypy38_pp73-win_amd64.whl", hash = "sha256:0e95265e22f07cea6675baab762c9c4577a40d47824b01e0dcdf1a18b46aa041"},
    {file = "zstd-1.5.7.3-pp39-pypy39_pp73-macosx_10_15_x86_64.whl", hash = "sha256:878d859a7e1ebc078e0a575c05bcf3b0682b77cabd65bdbdd5e93c137ff1799b"},
    {file = "zstd-1.5.7.3-pp39-pypy39_pp73-macosx_11_0_arm64.whl", hash = "sha256:7efcf83189be9d842b9392ffd821b317cbd9447a49c590659abd3311e82c1676"},
    {file = "zstd-1.5.7.3-pp39-pypy39_pp73-manylinux_2_14_x86_64.whl", hash = "sha256:a75dfdbca7dc01e7b35ca9b22e5b9792037b1515857e67b34bd737b213e49432"},
    {file = "zstd-1.5.7.3-pp39-pypy39_pp73-manylinux_2_17_aarch64.manylinux2014_aarch64.manylinux_2_24_aarch64.whl", hash = "sha256:5235dde49df717e5ca58f689e110bf1c4ed578170ab59e77f8a7a5055e4d8c07"},
    {file = "zstd-1.5.7.3-pp39-pypy39_pp73-manylinux_2_17_x86_64.manylinux2014_x86_64.manylinux_2_24_x86_64.whl", hash = "sha256:f876acad51d2184269ee6fd7e4c4aad9b7a0eca174d7d8db981ea079b57cbaf4"},
    {file = "zstd-1.5.7.3-pp39-pypy39_pp73-manylinux_2_5_i686.manylinux1_i686.manylinux_2_24_i686.whl", hash = "sha256:2920e90ef200c7b2cbc73b4271c2271abf6195877b813ede0b5b76289e32fc8e"},
    {file = "zstd-1.5.7.3-pp39-pypy39_pp73-win_amd64.whl", hash = "sha256:1f6dd0f2845a9817f0d0920eb0efd2d8a0168b71b8d8c85d2655d9d997f127ba"},
    {file = "zstd-1.5.7.3.tar.gz", hash = "sha256:403e5205f4ac04b92e6b0cda654be2f51de268228a0db0067bc087faacf2f495"},
]

[metadata]
lock-version = "2.1"
python-versions = ">=3.13"
content-hash = "71ff63c9c4cb98fd84ca0382e986c39e61d0041f6a625b45af41f20ddfdb0322"
